
Microsoft Visual Studio Solution File, Format Version 12.00
# Visual Studio 15
VisualStudioVersion = 15.0.27130.2036
MinimumVisualStudioVersion = 10.0.40219.1
Project("{FAE04EC0-301F-11D3-BF4B-00C04F79EFBC}") = "Codeer.TestAssistant.GeneratorToolKit", "Codeer.TestAssistant.GeneratorToolKit.csproj", "{6728D313-A4C3-4F1B-81D8-78C5CD9EB465}"
EndProject
Project("{2150E333-8FDC-42A3-9474-1A3956D46DE8}") = ".nuget", ".nuget", "{345D72A3-3ED6-4C33-BBF5-0248DD2FAC07}"
	ProjectSection(SolutionItems) = preProject
		..\.nuget\Codeer.TestAssistant.GeneratorToolKit.nuspec = ..\.nuget\Codeer.TestAssistant.GeneratorToolKit.nuspec
	EndProjectSection
EndProject
Project("{FAE04EC0-301F-11D3-BF4B-00C04F79EFBC}") = "Codeer.TestAssistant.GeneratorToolKit.3.0", "..\Codeer.TestAssistant.GeneratorToolKit.3.0\Codeer.TestAssistant.GeneratorToolKit.3.0.csproj", "{157A61CA-E660-4BD0-BE66-DBA2AD23C325}"
EndProject
Global
	GlobalSection(SolutionConfigurationPlatforms) = preSolution
		Debug|Any CPU = Debug|Any CPU
		Release|Any CPU = Release|Any CPU
		Release-English|Any CPU = Release-English|Any CPU
	EndGlobalSection
	GlobalSection(ProjectConfigurationPlatforms) = postSolution
		{6728D313-A4C3-4F1B-81D8-78C5CD9EB465}.Debug|Any CPU.ActiveCfg = Debug|Any CPU
		{6728D313-A4C3-4F1B-81D8-78C5CD9EB465}.Debug|Any CPU.Build.0 = Debug|Any CPU
		{6728D313-A4C3-4F1B-81D8-78C5CD9EB465}.Release|Any CPU.ActiveCfg = Release|Any CPU
		{6728D313-A4C3-4F1B-81D8-78C5CD9EB465}.Release|Any CPU.Build.0 = Release|Any CPU
		{6728D313-A4C3-4F1B-81D8-78C5CD9EB465}.Release-English|Any CPU.ActiveCfg = Release-English|Any CPU
		{6728D313-A4C3-4F1B-81D8-78C5CD9EB465}.Release-English|Any CPU.Build.0 = Release-English|Any CPU
		{157A61CA-E660-4BD0-BE66-DBA2AD23C325}.Debug|Any CPU.ActiveCfg = Debug|Any CPU
		{157A61CA-E660-4BD0-BE66-DBA2AD23C325}.Debug|Any CPU.Build.0 = Debug|Any CPU
		{157A61CA-E660-4BD0-BE66-DBA2AD23C325}.Release|Any CPU.ActiveCfg = Release|Any CPU
		{157A61CA-E660-4BD0-BE66-DBA2AD23C325}.Release|Any CPU.Build.0 = Release|Any CPU
		{157A61CA-E660-4BD0-BE66-DBA2AD23C325}.Release-English|Any CPU.ActiveCfg = Release|Any CPU
		{157A61CA-E660-4BD0-BE66-DBA2AD23C325}.Release-English|Any CPU.Build.0 = Release|Any CPU
	EndGlobalSection
	GlobalSection(SolutionProperties) = preSolution
		HideSolutionNode = FALSE
	EndGlobalSection
	GlobalSection(ExtensibilityGlobals) = postSolution
		SolutionGuid = {BE434605-4DAE-4E48-BFF5-6DF8A4D11650}
	EndGlobalSection
EndGlobal
